
Microsoft Visual Studio Solution File, Format Version 12.00
# Visual Studio Version 17
VisualStudioVersion = 17.9.34723.18
MinimumVisualStudioVersion = 10.0.40219.1
Project("{FAE04EC0-301F-11D3-BF4B-00C04F79EFBC}") = "CarteiraClara.API", "CarteiraClara.API\CarteiraClara.API.csproj", "{4E8E46EE-7FE8-4EEE-9E9A-F6BBC075356C}"
EndProject
Global
	GlobalSection(SolutionConfigurationPlatforms) = preSolution
		Debug|Any CPU = Debug|Any CPU
		Release|Any CPU = Release|Any CPU
	EndGlobalSection
	GlobalSection(ProjectConfigurationPlatforms) = postSolution
		{4E8E46EE-7FE8-4EEE-9E9A-F6BBC075356C}.Debug|Any CPU.ActiveCfg = Debug|Any CPU
		{4E8E46EE-7FE8-4EEE-9E9A-F6BBC075356C}.Debug|Any CPU.Build.0 = Debug|Any CPU
		{4E8E46EE-7FE8-4EEE-9E9A-F6BBC075356C}.Release|Any CPU.ActiveCfg = Release|Any CPU
		{4E8E46EE-7FE8-4EEE-9E9A-F6BBC075356C}.Release|Any CPU.Build.0 = Release|Any CPU
	EndGlobalSection
	GlobalSection(SolutionProperties) = preSolution
		HideSolutionNode = FALSE
	EndGlobalSection
	GlobalSection(ExtensibilityGlobals) = postSolution
		SolutionGuid = {35479204-85C3-4B0D-887D-C965C579AFD8}
	EndGlobalSection
EndGlobal
